// !$*UTF8*$!
{
	archiveVersion = 1;
	classes = {
	};
	objectVersion = 56;
	objects = {

/* Begin PBXBuildFile section */
		6457387F28D8732F00FEBA26 /* VerificationModel.swift in Sources */ = {isa = PBXBuildFile; fileRef = 6457387E28D8732F00FEBA26 /* VerificationModel.swift */; };
		6457388128D8754300FEBA26 /* VerificationViewModel.swift in Sources */ = {isa = PBXBuildFile; fileRef = 6457388028D8754300FEBA26 /* VerificationViewModel.swift */; };
		6457388328D877C900FEBA26 /* VerificationViewModelType.swift in Sources */ = {isa = PBXBuildFile; fileRef = 6457388228D877C900FEBA26 /* VerificationViewModelType.swift */; };
		6457388528D88ED300FEBA26 /* StringExtension.swift in Sources */ = {isa = PBXBuildFile; fileRef = 6457388428D88ED300FEBA26 /* StringExtension.swift */; };
		6457388828D8ACBB00FEBA26 /* ValidationStatuses.swift in Sources */ = {isa = PBXBuildFile; fileRef = 6457388728D8ACBB00FEBA26 /* ValidationStatuses.swift */; };
		64DA2D5928D603360069E08F /* AppDelegate.swift in Sources */ = {isa = PBXBuildFile; fileRef = 64DA2D5828D603360069E08F /* AppDelegate.swift */; };
		64DA2D5B28D603360069E08F /* SceneDelegate.swift in Sources */ = {isa = PBXBuildFile; fileRef = 64DA2D5A28D603360069E08F /* SceneDelegate.swift */; };
		64DA2D5D28D603360069E08F /* ViewController.swift in Sources */ = {isa = PBXBuildFile; fileRef = 64DA2D5C28D603360069E08F /* ViewController.swift */; };
		64DA2D6228D603380069E08F /* Assets.xcassets in Resources */ = {isa = PBXBuildFile; fileRef = 64DA2D6128D603380069E08F /* Assets.xcassets */; };
		64DA2D6528D603380069E08F /* LaunchScreen.storyboard in Resources */ = {isa = PBXBuildFile; fileRef = 64DA2D6328D603380069E08F /* LaunchScreen.storyboard */; };
		64DA2D7428D60A7C0069E08F /* StatusLabel.swift in Sources */ = {isa = PBXBuildFile; fileRef = 64DA2D7328D60A7C0069E08F /* StatusLabel.swift */; };
		64DA2D7628D60BA90069E08F /* MailTextField.swift in Sources */ = {isa = PBXBuildFile; fileRef = 64DA2D7528D60BA90069E08F /* MailTextField.swift */; };
		64DA2D7828D60DC10069E08F /* VerificationButton.swift in Sources */ = {isa = PBXBuildFile; fileRef = 64DA2D7728D60DC10069E08F /* VerificationButton.swift */; };
		64DA2D7A28D623400069E08F /* DomainsCollectionView.swift in Sources */ = {isa = PBXBuildFile; fileRef = 64DA2D7928D623400069E08F /* DomainsCollectionView.swift */; };
		64DA2D7C28D6241E0069E08F /* DomainCollectionViewCell.swift in Sources */ = {isa = PBXBuildFile; fileRef = 64DA2D7B28D6241E0069E08F /* DomainCollectionViewCell.swift */; };
		64DA2D8228D714270069E08F /* StackViewExtension.swift in Sources */ = {isa = PBXBuildFile; fileRef = 64DA2D8128D714270069E08F /* StackViewExtension.swift */; };
		64DA2D8528D745690069E08F /* TextFieldActionsDelegateType.swift in Sources */ = {isa = PBXBuildFile; fileRef = 64DA2D8428D745690069E08F /* TextFieldActionsDelegateType.swift */; };
		64DA2D8928D752820069E08F /* CollectionViewActionsDelegateType.swift in Sources */ = {isa = PBXBuildFile; fileRef = 64DA2D8828D752820069E08F /* CollectionViewActionsDelegateType.swift */; };
/* End PBXBuildFile section */

/* Begin PBXFileReference section */
		6457387E28D8732F00FEBA26 /* VerificationModel.swift */ = {isa = PBXFileReference; lastKnownFileType = sourcecode.swift; path = VerificationModel.swift; sourceTree = "<group>"; };
		6457388028D8754300FEBA26 /* VerificationViewModel.swift */ = {isa = PBXFileReference; lastKnownFileType = sourcecode.swift; path = VerificationViewModel.swift; sourceTree = "<group>"; };
		6457388228D877C900FEBA26 /* VerificationViewModelType.swift */ = {isa = PBXFileReference; lastKnownFileType = sourcecode.swift; path = VerificationViewModelType.swift; sourceTree = "<group>"; };
		6457388428D88ED300FEBA26 /* StringExtension.swift */ = {isa = PBXFileReference; lastKnownFileType = sourcecode.swift; path = StringExtension.swift; sourceTree = "<group>"; };
		6457388728D8ACBB00FEBA26 /* ValidationStatuses.swift */ = {isa = PBXFileReference; lastKnownFileType = sourcecode.swift; path = ValidationStatuses.swift; sourceTree = "<group>"; };
		64DA2D5528D603360069E08F /* VerificationMailApp.app */ = {isa = PBXFileReference; explicitFileType = wrapper.application; includeInIndex = 0; path = VerificationMailApp.app; sourceTree = BUILT_PRODUCTS_DIR; };
		64DA2D5828D603360069E08F /* AppDelegate.swift */ = {isa = PBXFileReference; lastKnownFileType = sourcecode.swift; path = AppDelegate.swift; sourceTree = "<group>"; };
		64DA2D5A28D603360069E08F /* SceneDelegate.swift */ = {isa = PBXFileReference; lastKnownFileType = sourcecode.swift; path = SceneDelegate.swift; sourceTree = "<group>"; };
		64DA2D5C28D603360069E08F /* ViewController.swift */ = {isa = PBXFileReference; lastKnownFileType = sourcecode.swift; path = ViewController.swift; sourceTree = "<group>"; };
		64DA2D5F28D603360069E08F /* Base */ = {isa = PBXFileReference; lastKnownFileType = file.storyboard; name = Base; path = Base.lproj/Main.storyboard; sourceTree = "<group>"; };
		64DA2D6128D603380069E08F /* Assets.xcassets */ = {isa = PBXFileReference; lastKnownFileType = folder.assetcatalog; path = Assets.xcassets; sourceTree = "<group>"; };
		64DA2D6428D603380069E08F /* Base */ = {isa = PBXFileReference; lastKnownFileType = file.storyboard; name = Base; path = Base.lproj/LaunchScreen.storyboard; sourceTree = "<group>"; };
		64DA2D6628D603380069E08F /* Info.plist */ = {isa = PBXFileReference; lastKnownFileType = text.plist.xml; path = Info.plist; sourceTree = "<group>"; };
		64DA2D7328D60A7C0069E08F /* StatusLabel.swift */ = {isa = PBXFileReference; lastKnownFileType = sourcecode.swift; path = StatusLabel.swift; sourceTree = "<group>"; };
		64DA2D7528D60BA90069E08F /* MailTextField.swift */ = {isa = PBXFileReference; lastKnownFileType = sourcecode.swift; path = MailTextField.swift; sourceTree = "<group>"; };
		64DA2D7728D60DC10069E08F /* VerificationButton.swift */ = {isa = PBXFileReference; lastKnownFileType = sourcecode.swift; path = VerificationButton.swift; sourceTree = "<group>"; };
		64DA2D7928D623400069E08F /* DomainsCollectionView.swift */ = {isa = PBXFileReference; lastKnownFileType = sourcecode.swift; path = DomainsCollectionView.swift; sourceTree = "<group>"; };
		64DA2D7B28D6241E0069E08F /* DomainCollectionViewCell.swift */ = {isa = PBXFileReference; lastKnownFileType = sourcecode.swift; path = DomainCollectionViewCell.swift; sourceTree = "<group>"; };
		64DA2D8128D714270069E08F /* StackViewExtension.swift */ = {isa = PBXFileReference; lastKnownFileType = sourcecode.swift; path = StackViewExtension.swift; sourceTree = "<group>"; };
		64DA2D8428D745690069E08F /* TextFieldActionsDelegateType.swift */ = {isa = PBXFileReference; lastKnownFileType = sourcecode.swift; path = TextFieldActionsDelegateType.swift; sourceTree = "<group>"; };
		64DA2D8828D752820069E08F /* CollectionViewActionsDelegateType.swift */ = {isa = PBXFileReference; lastKnownFileType = sourcecode.swift; path = CollectionViewActionsDelegateType.swift; sourceTree = "<group>"; };
/* End PBXFileReference section */

/* Begin PBXFrameworksBuildPhase section */
		64DA2D5228D603360069E08F /* Frameworks */ = {
			isa = PBXFrameworksBuildPhase;
			buildActionMask = 2147483647;
			files = (
			);
			runOnlyForDeploymentPostprocessing = 0;
		};
/* End PBXFrameworksBuildPhase section */

/* Begin PBXGroup section */
		6457387C28D8730100FEBA26 /* ViewModels */ = {
			isa = PBXGroup;
			children = (
				6457388028D8754300FEBA26 /* VerificationViewModel.swift */,
			);
			path = ViewModels;
			sourceTree = "<group>";
		};
		6457387D28D8730A00FEBA26 /* Models */ = {
			isa = PBXGroup;
			children = (
				6457387E28D8732F00FEBA26 /* VerificationModel.swift */,
			);
			path = Models;
			sourceTree = "<group>";
		};
		6457388628D8ACA300FEBA26 /* Helpers */ = {
			isa = PBXGroup;
			children = (
				6457388728D8ACBB00FEBA26 /* ValidationStatuses.swift */,
			);
			path = Helpers;
			sourceTree = "<group>";
		};
		64DA2D4C28D603360069E08F = {
			isa = PBXGroup;
			children = (
				64DA2D5728D603360069E08F /* VerificationMailApp */,
				64DA2D5628D603360069E08F /* Products */,
			);
			sourceTree = "<group>";
		};
		64DA2D5628D603360069E08F /* Products */ = {
			isa = PBXGroup;
			children = (
				64DA2D5528D603360069E08F /* VerificationMailApp.app */,
			);
			name = Products;
			sourceTree = "<group>";
		};
		64DA2D5728D603360069E08F /* VerificationMailApp */ = {
			isa = PBXGroup;
			children = (
				6457388628D8ACA300FEBA26 /* Helpers */,
				64DA2D7028D608070069E08F /* Protocols */,
				64DA2D6F28D607FB0069E08F /* Views */,
				6457387C28D8730100FEBA26 /* ViewModels */,
				6457387D28D8730A00FEBA26 /* Models */,
				64DA2D7F28D713FE0069E08F /* Extensions */,
				64DA2D5828D603360069E08F /* AppDelegate.swift */,
				64DA2D5A28D603360069E08F /* SceneDelegate.swift */,
				64DA2D5E28D603360069E08F /* Main.storyboard */,
				64DA2D6128D603380069E08F /* Assets.xcassets */,
				64DA2D6328D603380069E08F /* LaunchScreen.storyboard */,
				64DA2D6628D603380069E08F /* Info.plist */,
			);
			path = VerificationMailApp;
			sourceTree = "<group>";
		};
		64DA2D6F28D607FB0069E08F /* Views */ = {
			isa = PBXGroup;
			children = (
				64DA2D7228D6081F0069E08F /* Controllers */,
				64DA2D7D28D710A40069E08F /* VerificationScreen */,
			);
			path = Views;
			sourceTree = "<group>";
		};
		64DA2D7028D608070069E08F /* Protocols */ = {
			isa = PBXGroup;
			children = (
				64DA2D8428D745690069E08F /* TextFieldActionsDelegateType.swift */,
				64DA2D8828D752820069E08F /* CollectionViewActionsDelegateType.swift */,
				6457388228D877C900FEBA26 /* VerificationViewModelType.swift */,
			);
			path = Protocols;
			sourceTree = "<group>";
		};
		64DA2D7228D6081F0069E08F /* Controllers */ = {
			isa = PBXGroup;
			children = (
				64DA2D5C28D603360069E08F /* ViewController.swift */,
			);
			path = Controllers;
			sourceTree = "<group>";
		};
		64DA2D7D28D710A40069E08F /* VerificationScreen */ = {
			isa = PBXGroup;
			children = (
				64DA2D7E28D710D20069E08F /* CollectionView */,
				64DA2D8328D745250069E08F /* CustomViews */,
			);
			path = VerificationScreen;
			sourceTree = "<group>";
		};
		64DA2D7E28D710D20069E08F /* CollectionView */ = {
			isa = PBXGroup;
			children = (
				64DA2D7928D623400069E08F /* DomainsCollectionView.swift */,
				64DA2D7B28D6241E0069E08F /* DomainCollectionViewCell.swift */,
			);
			path = CollectionView;
			sourceTree = "<group>";
		};
		64DA2D7F28D713FE0069E08F /* Extensions */ = {
			isa = PBXGroup;
			children = (
				64DA2D8028D714180069E08F /* UIKit */,
				6457388428D88ED300FEBA26 /* StringExtension.swift */,
			);
			path = Extensions;
			sourceTree = "<group>";
		};
		64DA2D8028D714180069E08F /* UIKit */ = {
			isa = PBXGroup;
			children = (
				64DA2D8128D714270069E08F /* StackViewExtension.swift */,
			);
			path = UIKit;
			sourceTree = "<group>";
		};
		64DA2D8328D745250069E08F /* CustomViews */ = {
			isa = PBXGroup;
			children = (
				64DA2D7328D60A7C0069E08F /* StatusLabel.swift */,
				64DA2D7528D60BA90069E08F /* MailTextField.swift */,
				64DA2D7728D60DC10069E08F /* VerificationButton.swift */,
			);
			path = CustomViews;
			sourceTree = "<group>";
		};
/* End PBXGroup section */

/* Begin PBXNativeTarget section */
		64DA2D5428D603360069E08F /* VerificationMailApp */ = {
			isa = PBXNativeTarget;
			buildConfigurationList = 64DA2D6928D603380069E08F /* Build configuration list for PBXNativeTarget "VerificationMailApp" */;
			buildPhases = (
				64DA2D5128D603360069E08F /* Sources */,
				64DA2D5228D603360069E08F /* Frameworks */,
				64DA2D5328D603360069E08F /* Resources */,
			);
			buildRules = (
			);
			dependencies = (
			);
			name = VerificationMailApp;
			productName = VerificationMailApp;
			productReference = 64DA2D5528D603360069E08F /* VerificationMailApp.app */;
			productType = "com.apple.product-type.application";
		};
/* End PBXNativeTarget section */

/* Begin PBXProject section */
		64DA2D4D28D603360069E08F /* Project object */ = {
			isa = PBXProject;
			attributes = {
				BuildIndependentTargetsInParallel = 1;
				LastSwiftUpdateCheck = 1400;
				LastUpgradeCheck = 1400;
				TargetAttributes = {
					64DA2D5428D603360069E08F = {
						CreatedOnToolsVersion = 14.0;
					};
				};
			};
			buildConfigurationList = 64DA2D5028D603360069E08F /* Build configuration list for PBXProject "VerificationMailApp" */;
			compatibilityVersion = "Xcode 14.0";
			developmentRegion = en;
			hasScannedForEncodings = 0;
			knownRegions = (
				en,
				Base,
			);
			mainGroup = 64DA2D4C28D603360069E08F;
			productRefGroup = 64DA2D5628D603360069E08F /* Products */;
			projectDirPath = "";
			projectRoot = "";
			targets = (
				64DA2D5428D603360069E08F /* VerificationMailApp */,
			);
		};
/* End PBXProject section */

/* Begin PBXResourcesBuildPhase section */
		64DA2D5328D603360069E08F /* Resources */ = {
			isa = PBXResourcesBuildPhase;
			buildActionMask = 2147483647;
			files = (
				64DA2D6528D603380069E08F /* LaunchScreen.storyboard in Resources */,
				64DA2D6228D603380069E08F /* Assets.xcassets in Resources */,
			);
			runOnlyForDeploymentPostprocessing = 0;
		};
/* End PBXResourcesBuildPhase section */

/* Begin PBXSourcesBuildPhase section */
		64DA2D5128D603360069E08F /* Sources */ = {
			isa = PBXSourcesBuildPhase;
			buildActionMask = 2147483647;
			files = (
				64DA2D7C28D6241E0069E08F /* DomainCollectionViewCell.swift in Sources */,
				64DA2D7428D60A7C0069E08F /* StatusLabel.swift in Sources */,
				6457388528D88ED300FEBA26 /* StringExtension.swift in Sources */,
				64DA2D5D28D603360069E08F /* ViewController.swift in Sources */,
				6457388328D877C900FEBA26 /* VerificationViewModelType.swift in Sources */,
				64DA2D5928D603360069E08F /* AppDelegate.swift in Sources */,
				64DA2D5B28D603360069E08F /* SceneDelegate.swift in Sources */,
				64DA2D8228D714270069E08F /* StackViewExtension.swift in Sources */,
				64DA2D7A28D623400069E08F /* DomainsCollectionView.swift in Sources */,
				64DA2D7828D60DC10069E08F /* VerificationButton.swift in Sources */,
				6457388828D8ACBB00FEBA26 /* ValidationStatuses.swift in Sources */,
				6457388128D8754300FEBA26 /* VerificationViewModel.swift in Sources */,
				64DA2D8528D745690069E08F /* TextFieldActionsDelegateType.swift in Sources */,
				64DA2D8928D752820069E08F /* CollectionViewActionsDelegateType.swift in Sources */,
				6457387F28D8732F00FEBA26 /* VerificationModel.swift in Sources */,
				64DA2D7628D60BA90069E08F /* MailTextField.swift in Sources */,
			);
			runOnlyForDeploymentPostprocessing = 0;
		};
/* End PBXSourcesBuildPhase section */

/* Begin PBXVariantGroup section */
		64DA2D5E28D603360069E08F /* Main.storyboard */ = {
			isa = PBXVariantGroup;
			children = (
				64DA2D5F28D603360069E08F /* Base */,
			);
			name = Main.storyboard;
			sourceTree = "<group>";
		};
		64DA2D6328D603380069E08F /* LaunchScreen.storyboard */ = {
			isa = PBXVariantGroup;
			children = (
				64DA2D6428D603380069E08F /* Base */,
			);
			name = LaunchScreen.storyboard;
			sourceTree = "<group>";
		};
/* End PBXVariantGroup section */

/* Begin XCBuildConfiguration section */
		64DA2D6728D603380069E08F /* Debug */ = {
			isa = XCBuildConfiguration;
			buildSettings = {
				ALWAYS_SEARCH_USER_PATHS = NO;
				CLANG_ANALYZER_NONNULL = YES;
				CLANG_ANALYZER_NUMBER_OBJECT_CONVERSION = YES_AGGRESSIVE;
				CLANG_CXX_LANGUAGE_STANDARD = "gnu++20";
				CLANG_ENABLE_MODULES = YES;
				CLANG_ENABLE_OBJC_ARC = YES;
				CLANG_ENABLE_OBJC_WEAK = YES;
				CLANG_WARN_BLOCK_CAPTURE_AUTORELEASING = YES;
				CLANG_WARN_BOOL_CONVERSION = YES;
				CLANG_WARN_COMMA = YES;
				CLANG_WARN_CONSTANT_CONVERSION = YES;
				CLANG_WARN_DEPRECATED_OBJC_IMPLEMENTATIONS = YES;
				CLANG_WARN_DIRECT_OBJC_ISA_USAGE = YES_ERROR;
				CLANG_WARN_DOCUMENTATION_COMMENTS = YES;
				CLANG_WARN_EMPTY_BODY = YES;
				CLANG_WARN_ENUM_CONVERSION = YES;
				CLANG_WARN_INFINITE_RECURSION = YES;
				CLANG_WARN_INT_CONVERSION = YES;
				CLANG_WARN_NON_LITERAL_NULL_CONVERSION = YES;
				CLANG_WARN_OBJC_IMPLICIT_RETAIN_SELF = YES;
				CLANG_WARN_OBJC_LITERAL_CONVERSION = YES;
				CLANG_WARN_OBJC_ROOT_CLASS = YES_ERROR;
				CLANG_WARN_QUOTED_INCLUDE_IN_FRAMEWORK_HEADER = YES;
				CLANG_WARN_RANGE_LOOP_ANALYSIS = YES;
				CLANG_WARN_STRICT_PROTOTYPES = YES;
				CLANG_WARN_SUSPICIOUS_MOVE = YES;
				CLANG_WARN_UNGUARDED_AVAILABILITY = YES_AGGRESSIVE;
				CLANG_WARN_UNREACHABLE_CODE = YES;
				CLANG_WARN__DUPLICATE_METHOD_MATCH = YES;
				COPY_PHASE_STRIP = NO;
				DEBUG_INFORMATION_FORMAT = dwarf;
				ENABLE_STRICT_OBJC_MSGSEND = YES;
				ENABLE_TESTABILITY = YES;
				GCC_C_LANGUAGE_STANDARD = gnu11;
				GCC_DYNAMIC_NO_PIC = NO;
				GCC_NO_COMMON_BLOCKS = YES;
				GCC_OPTIMIZATION_LEVEL = 0;
				GCC_PREPROCESSOR_DEFINITIONS = (
					"DEBUG=1",
					"$(inherited)",
				);
				GCC_WARN_64_TO_32_BIT_CONVERSION = YES;
				GCC_WARN_ABOUT_RETURN_TYPE = YES_ERROR;
				GCC_WARN_UNDECLARED_SELECTOR = YES;
				GCC_WARN_UNINITIALIZED_AUTOS = YES_AGGRESSIVE;
				GCC_WARN_UNUSED_FUNCTION = YES;
				GCC_WARN_UNUSED_VARIABLE = YES;
				IPHONEOS_DEPLOYMENT_TARGET = 16.0;
				MTL_ENABLE_DEBUG_INFO = INCLUDE_SOURCE;
				MTL_FAST_MATH = YES;
				ONLY_ACTIVE_ARCH = YES;
				SDKROOT = iphoneos;
				SWIFT_ACTIVE_COMPILATION_CONDITIONS = DEBUG;
				SWIFT_OPTIMIZATION_LEVEL = "-Onone";
			};
			name = Debug;
		};
		64DA2D6828D603380069E08F /* Release */ = {
			isa = XCBuildConfiguration;
			buildSettings = {
				ALWAYS_SEARCH_USER_PATHS = NO;
				CLANG_ANALYZER_NONNULL = YES;
				CLANG_ANALYZER_NUMBER_OBJECT_CONVERSION = YES_AGGRESSIVE;
				CLANG_CXX_LANGUAGE_STANDARD = "gnu++20";
				CLANG_ENABLE_MODULES = YES;
				CLANG_ENABLE_OBJC_ARC = YES;
				CLANG_ENABLE_OBJC_WEAK = YES;
				CLANG_WARN_BLOCK_CAPTURE_AUTORELEASING = YES;
				CLANG_WARN_BOOL_CONVERSION = YES;
				CLANG_WARN_COMMA = YES;
				CLANG_WARN_CONSTANT_CONVERSION = YES;
				CLANG_WARN_DEPRECATED_OBJC_IMPLEMENTATIONS = YES;
				CLANG_WARN_DIRECT_OBJC_ISA_USAGE = YES_ERROR;
				CLANG_WARN_DOCUMENTATION_COMMENTS = YES;
				CLANG_WARN_EMPTY_BODY = YES;
				CLANG_WARN_ENUM_CONVERSION = YES;
				CLANG_WARN_INFINITE_RECURSION = YES;
				CLANG_WARN_INT_CONVERSION = YES;
				CLANG_WARN_NON_LITERAL_NULL_CONVERSION = YES;
				CLANG_WARN_OBJC_IMPLICIT_RETAIN_SELF = YES;
				CLANG_WARN_OBJC_LITERAL_CONVERSION = YES;
				CLANG_WARN_OBJC_ROOT_CLASS = YES_ERROR;
				CLANG_WARN_QUOTED_INCLUDE_IN_FRAMEWORK_HEADER = YES;
				CLANG_WARN_RANGE_LOOP_ANALYSIS = YES;
				CLANG_WARN_STRICT_PROTOTYPES = YES;
				CLANG_WARN_SUSPICIOUS_MOVE = YES;
				CLANG_WARN_UNGUARDED_AVAILABILITY = YES_AGGRESSIVE;
				CLANG_WARN_UNREACHABLE_CODE = YES;
				CLANG_WARN__DUPLICATE_METHOD_MATCH = YES;
				COPY_PHASE_STRIP = NO;
				DEBUG_INFORMATION_FORMAT = "dwarf-with-dsym";
				ENABLE_NS_ASSERTIONS = NO;
				ENABLE_STRICT_OBJC_MSGSEND = YES;
				GCC_C_LANGUAGE_STANDARD = gnu11;
				GCC_NO_COMMON_BLOCKS = YES;
				GCC_WARN_64_TO_32_BIT_CONVERSION = YES;
				GCC_WARN_ABOUT_RETURN_TYPE = YES_ERROR;
				GCC_WARN_UNDECLARED_SELECTOR = YES;
				GCC_WARN_UNINITIALIZED_AUTOS = YES_AGGRESSIVE;
				GCC_WARN_UNUSED_FUNCTION = YES;
				GCC_WARN_UNUSED_VARIABLE = YES;
				IPHONEOS_DEPLOYMENT_TARGET = 16.0;
				MTL_ENABLE_DEBUG_INFO = NO;
				MTL_FAST_MATH = YES;
				SDKROOT = iphoneos;
				SWIFT_COMPILATION_MODE = wholemodule;
				SWIFT_OPTIMIZATION_LEVEL = "-O";
				VALIDATE_PRODUCT = YES;
			};
			name = Release;
		};
		64DA2D6A28D603380069E08F /* Debug */ = {
			isa = XCBuildConfiguration;
			buildSettings = {
				ASSETCATALOG_COMPILER_APPICON_NAME = AppIcon;
				ASSETCATALOG_COMPILER_GLOBAL_ACCENT_COLOR_NAME = AccentColor;
				CODE_SIGN_STYLE = Automatic;
				CURRENT_PROJECT_VERSION = 1;
				DEVELOPMENT_TEAM = 5FC37NQ6S2;
				GENERATE_INFOPLIST_FILE = YES;
				INFOPLIST_FILE = VerificationMailApp/Info.plist;
				INFOPLIST_KEY_UIApplicationSupportsIndirectInputEvents = YES;
				INFOPLIST_KEY_UILaunchStoryboardName = LaunchScreen;
				INFOPLIST_KEY_UIRequiresFullScreen = NO;
				INFOPLIST_KEY_UISupportedInterfaceOrientations_iPad = "UIInterfaceOrientationPortrait UIInterfaceOrientationPortraitUpsideDown UIInterfaceOrientationLandscapeLeft UIInterfaceOrientationLandscapeRight";
				INFOPLIST_KEY_UISupportedInterfaceOrientations_iPhone = "UIInterfaceOrientationPortrait UIInterfaceOrientationLandscapeLeft UIInterfaceOrientationLandscapeRight";
				LD_RUNPATH_SEARCH_PATHS = (
					"$(inherited)",
					"@executable_path/Frameworks",
				);
				MARKETING_VERSION = 1.0;
				PRODUCT_BUNDLE_IDENTIFIER = fladecx.VerificationMailApp;
				PRODUCT_NAME = "$(TARGET_NAME)";
				SWIFT_EMIT_LOC_STRINGS = YES;
				SWIFT_VERSION = 5.0;
				TARGETED_DEVICE_FAMILY = "1,2";
			};
			name = Debug;
		};
		64DA2D6B28D603380069E08F /* Release */ = {
			isa = XCBuildConfiguration;
			buildSettings = {
				ASSETCATALOG_COMPILER_APPICON_NAME = AppIcon;
				ASSETCATALOG_COMPILER_GLOBAL_ACCENT_COLOR_NAME = AccentColor;
				CODE_SIGN_STYLE = Automatic;
				CURRENT_PROJECT_VERSION = 1;
				DEVELOPMENT_TEAM = 5FC37NQ6S2;
				GENERATE_INFOPLIST_FILE = YES;
				INFOPLIST_FILE = VerificationMailApp/Info.plist;
				INFOPLIST_KEY_UIApplicationSupportsIndirectInputEvents = YES;
				INFOPLIST_KEY_UILaunchStoryboardName = LaunchScreen;
				INFOPLIST_KEY_UIRequiresFullScreen = NO;
				INFOPLIST_KEY_UISupportedInterfaceOrientations_iPad = "UIInterfaceOrientationPortrait UIInterfaceOrientationPortraitUpsideDown UIInterfaceOrientationLandscapeLeft UIInterfaceOrientationLandscapeRight";
				INFOPLIST_KEY_UISupportedInterfaceOrientations_iPhone = "UIInterfaceOrientationPortrait UIInterfaceOrientationLandscapeLeft UIInterfaceOrientationLandscapeRight";
				LD_RUNPATH_SEARCH_PATHS = (
					"$(inherited)",
					"@executable_path/Frameworks",
				);
				MARKETING_VERSION = 1.0;
				PRODUCT_BUNDLE_IDENTIFIER = fladecx.VerificationMailApp;
				PRODUCT_NAME = "$(TARGET_NAME)";
				SWIFT_EMIT_LOC_STRINGS = YES;
				SWIFT_VERSION = 5.0;
				TARGETED_DEVICE_FAMILY = "1,2";
			};
			name = Release;
		};
/* End XCBuildConfiguration section */

/* Begin XCConfigurationList section */
		64DA2D5028D603360069E08F /* Build configuration list for PBXProject "VerificationMailApp" */ = {
			isa = XCConfigurationList;
			buildConfigurations = (
				64DA2D6728D603380069E08F /* Debug */,
				64DA2D6828D603380069E08F /* Release */,
			);
			defaultConfigurationIsVisible = 0;
			defaultConfigurationName = Release;
		};
		64DA2D6928D603380069E08F /* Build configuration list for PBXNativeTarget "VerificationMailApp" */ = {
			isa = XCConfigurationList;
			buildConfigurations = (
				64DA2D6A28D603380069E08F /* Debug */,
				64DA2D6B28D603380069E08F /* Release */,
			);
			defaultConfigurationIsVisible = 0;
			defaultConfigurationName = Release;
		};
/* End XCConfigurationList section */
	};
	rootObject = 64DA2D4D28D603360069E08F /* Project object */;
}
